
Microsoft Visual Studio Solution File, Format Version 12.00
# Visual Studio Version 16
VisualStudioVersion = 16.0.31005.135
MinimumVisualStudioVersion = 10.0.40219.1
Project("{FAE04EC0-301F-11D3-BF4B-00C04F79EFBC}") = "DataManagement", "DataManagement\DataManagement.csproj", "{8B2CA2E2-0C0B-4606-B097-3CEBBE0A7EAA}"
EndProject
Global
	GlobalSection(SolutionConfigurationPlatforms) = preSolution
		Debug|Any CPU = Debug|Any CPU
		Release|Any CPU = Release|Any CPU
	EndGlobalSection
	GlobalSection(ProjectConfigurationPlatforms) = postSolution
		{8B2CA2E2-0C0B-4606-B097-3CEBBE0A7EAA}.Debug|Any CPU.ActiveCfg = Debug|Any CPU
		{8B2CA2E2-0C0B-4606-B097-3CEBBE0A7EAA}.Debug|Any CPU.Build.0 = Debug|Any CPU
		{8B2CA2E2-0C0B-4606-B097-3CEBBE0A7EAA}.Release|Any CPU.ActiveCfg = Release|Any CPU
		{8B2CA2E2-0C0B-4606-B097-3CEBBE0A7EAA}.Release|Any CPU.Build.0 = Release|Any CPU
	EndGlobalSection
	GlobalSection(SolutionProperties) = preSolution
		HideSolutionNode = FALSE
	EndGlobalSection
	GlobalSection(ExtensibilityGlobals) = postSolution
		SolutionGuid = {AED8ECBC-9BE4-4283-A6BC-70B4AB746896}
	EndGlobalSection
EndGlobal
